// !$*UTF8*$!
{
	archiveVersion = 1;
	classes = {
	};
	objectVersion = 56;
	objects = {

/* Begin PBXBuildFile section */
		AC6EF0672BF0D4BB007039C6 /* main.cpp in Sources */ = {isa = PBXBuildFile; fileRef = AC6EF0662BF0D4BB007039C6 /* main.cpp */; };
		AC6EF0722BF0DFA9007039C6 /* Book.cpp in Sources */ = {isa = PBXBuildFile; fileRef = AC6EF0702BF0DFA9007039C6 /* Book.cpp */; };
		AC6EF0752BF0DFB4007039C6 /* CD.cpp in Sources */ = {isa = PBXBuildFile; fileRef = AC6EF0732BF0DFB4007039C6 /* CD.cpp */; };
		AC6EF0782BF0F033007039C6 /* LibItem.cpp in Sources */ = {isa = PBXBuildFile; fileRef = AC6EF0762BF0F033007039C6 /* LibItem.cpp */; };
		AC6EF07A2BF0F2CA007039C6 /* Library.cpp in Sources */ = {isa = PBXBuildFile; fileRef = AC6EF0792BF0F2CA007039C6 /* Library.cpp */; };
		AC6EF07D2BF0F5B6007039C6 /* books.txt in CopyFiles */ = {isa = PBXBuildFile; fileRef = AC6EF07B2BF0F3DC007039C6 /* books.txt */; };
		AC6EF08A2BF1517E007039C6 /* User.cpp in Sources */ = {isa = PBXBuildFile; fileRef = AC6EF0882BF1517E007039C6 /* User.cpp */; };
		AC6EF08D2BF15BD7007039C6 /* Admin.cpp in Sources */ = {isa = PBXBuildFile; fileRef = AC6EF08B2BF15BD7007039C6 /* Admin.cpp */; };
		AC6EF0902BF15D3C007039C6 /* Student.cpp in Sources */ = {isa = PBXBuildFile; fileRef = AC6EF08E2BF15D3C007039C6 /* Student.cpp */; };
		AC921F022BF45CD200ABC17B /* Menu.cpp in Sources */ = {isa = PBXBuildFile; fileRef = AC921F002BF45CD200ABC17B /* Menu.cpp */; };
/* End PBXBuildFile section */

/* Begin PBXCopyFilesBuildPhase section */
		AC6EF0612BF0D4BB007039C6 /* CopyFiles */ = {
			isa = PBXCopyFilesBuildPhase;
			buildActionMask = 2147483647;
			dstPath = /usr/share/man/man1/;
			dstSubfolderSpec = 0;
			files = (
			);
			runOnlyForDeploymentPostprocessing = 1;
		};
		AC6EF07C2BF0F596007039C6 /* CopyFiles */ = {
			isa = PBXCopyFilesBuildPhase;
			buildActionMask = 2147483647;
			dstPath = "";
			dstSubfolderSpec = 16;
			files = (
				AC6EF07D2BF0F5B6007039C6 /* books.txt in CopyFiles */,
			);
			runOnlyForDeploymentPostprocessing = 0;
		};
/* End PBXCopyFilesBuildPhase section */

/* Begin PBXFileReference section */
		AC6EF0632BF0D4BB007039C6 /* LibManSys */ = {isa = PBXFileReference; explicitFileType = "compiled.mach-o.executable"; includeInIndex = 0; path = LibManSys; sourceTree = BUILT_PRODUCTS_DIR; };
		AC6EF0662BF0D4BB007039C6 /* main.cpp */ = {isa = PBXFileReference; lastKnownFileType = sourcecode.cpp.cpp; path = main.cpp; sourceTree = "<group>"; };
		AC6EF06E2BF0D4CC007039C6 /* Library.hpp */ = {isa = PBXFileReference; lastKnownFileType = sourcecode.cpp.h; path = Library.hpp; sourceTree = "<group>"; };
		AC6EF0702BF0DFA9007039C6 /* Book.cpp */ = {isa = PBXFileReference; lastKnownFileType = sourcecode.cpp.cpp; path = Book.cpp; sourceTree = "<group>"; };
		AC6EF0712BF0DFA9007039C6 /* Book.hpp */ = {isa = PBXFileReference; lastKnownFileType = sourcecode.cpp.h; path = Book.hpp; sourceTree = "<group>"; };
		AC6EF0732BF0DFB4007039C6 /* CD.cpp */ = {isa = PBXFileReference; lastKnownFileType = sourcecode.cpp.cpp; path = CD.cpp; sourceTree = "<group>"; };
		AC6EF0742BF0DFB4007039C6 /* CD.hpp */ = {isa = PBXFileReference; lastKnownFileType = sourcecode.cpp.h; path = CD.hpp; sourceTree = "<group>"; };
		AC6EF0762BF0F033007039C6 /* LibItem.cpp */ = {isa = PBXFileReference; lastKnownFileType = sourcecode.cpp.cpp; path = LibItem.cpp; sourceTree = "<group>"; };
		AC6EF0772BF0F033007039C6 /* LibItem.hpp */ = {isa = PBXFileReference; lastKnownFileType = sourcecode.cpp.h; path = LibItem.hpp; sourceTree = "<group>"; };
		AC6EF0792BF0F2CA007039C6 /* Library.cpp */ = {isa = PBXFileReference; lastKnownFileType = sourcecode.cpp.cpp; path = Library.cpp; sourceTree = "<group>"; };
		AC6EF07B2BF0F3DC007039C6 /* books.txt */ = {isa = PBXFileReference; lastKnownFileType = text; path = books.txt; sourceTree = "<group>"; };
		AC6EF0882BF1517E007039C6 /* User.cpp */ = {isa = PBXFileReference; lastKnownFileType = sourcecode.cpp.cpp; path = User.cpp; sourceTree = "<group>"; };
		AC6EF0892BF1517E007039C6 /* User.hpp */ = {isa = PBXFileReference; lastKnownFileType = sourcecode.cpp.h; path = User.hpp; sourceTree = "<group>"; };
		AC6EF08B2BF15BD7007039C6 /* Admin.cpp */ = {isa = PBXFileReference; lastKnownFileType = sourcecode.cpp.cpp; path = Admin.cpp; sourceTree = "<group>"; };
		AC6EF08C2BF15BD7007039C6 /* Admin.hpp */ = {isa = PBXFileReference; lastKnownFileType = sourcecode.cpp.h; path = Admin.hpp; sourceTree = "<group>"; };
		AC6EF08E2BF15D3C007039C6 /* Student.cpp */ = {isa = PBXFileReference; lastKnownFileType = sourcecode.cpp.cpp; path = Student.cpp; sourceTree = "<group>"; };
		AC6EF08F2BF15D3C007039C6 /* Student.hpp */ = {isa = PBXFileReference; lastKnownFileType = sourcecode.cpp.h; path = Student.hpp; sourceTree = "<group>"; };
		AC6EF0942BF19B1E007039C6 /* cds.txt */ = {isa = PBXFileReference; lastKnownFileType = text; path = cds.txt; sourceTree = "<group>"; };
		AC921EFF2BF459C200ABC17B /* students.txt */ = {isa = PBXFileReference; fileEncoding = 4; lastKnownFileType = text; path = students.txt; sourceTree = "<group>"; };
		AC921F002BF45CD200ABC17B /* Menu.cpp */ = {isa = PBXFileReference; lastKnownFileType = sourcecode.cpp.cpp; path = Menu.cpp; sourceTree = "<group>"; };
		AC921F012BF45CD200ABC17B /* Menu.hpp */ = {isa = PBXFileReference; lastKnownFileType = sourcecode.cpp.h; path = Menu.hpp; sourceTree = "<group>"; };
/* End PBXFileReference section */

/* Begin PBXFrameworksBuildPhase section */
		AC6EF0602BF0D4BB007039C6 /* Frameworks */ = {
			isa = PBXFrameworksBuildPhase;
			buildActionMask = 2147483647;
			files = (
			);
			runOnlyForDeploymentPostprocessing = 0;
		};
/* End PBXFrameworksBuildPhase section */

/* Begin PBXGroup section */
		AC6EF05A2BF0D4BB007039C6 = {
			isa = PBXGroup;
			children = (
				AC6EF0652BF0D4BB007039C6 /* LibManSys */,
				AC6EF0642BF0D4BB007039C6 /* Products */,
			);
			sourceTree = "<group>";
		};
		AC6EF0642BF0D4BB007039C6 /* Products */ = {
			isa = PBXGroup;
			children = (
				AC6EF0632BF0D4BB007039C6 /* LibManSys */,
			);
			name = Products;
			sourceTree = "<group>";
		};
		AC6EF0652BF0D4BB007039C6 /* LibManSys */ = {
			isa = PBXGroup;
			children = (
				AC6EF0662BF0D4BB007039C6 /* main.cpp */,
				AC6EF0792BF0F2CA007039C6 /* Library.cpp */,
				AC6EF06E2BF0D4CC007039C6 /* Library.hpp */,
				AC6EF0762BF0F033007039C6 /* LibItem.cpp */,
				AC6EF0772BF0F033007039C6 /* LibItem.hpp */,
				AC6EF0702BF0DFA9007039C6 /* Book.cpp */,
				AC6EF0712BF0DFA9007039C6 /* Book.hpp */,
				AC6EF0732BF0DFB4007039C6 /* CD.cpp */,
				AC6EF0742BF0DFB4007039C6 /* CD.hpp */,
				AC6EF0882BF1517E007039C6 /* User.cpp */,
				AC6EF0892BF1517E007039C6 /* User.hpp */,
				AC6EF08B2BF15BD7007039C6 /* Admin.cpp */,
				AC6EF08C2BF15BD7007039C6 /* Admin.hpp */,
				AC6EF08E2BF15D3C007039C6 /* Student.cpp */,
				AC6EF08F2BF15D3C007039C6 /* Student.hpp */,
				AC921F002BF45CD200ABC17B /* Menu.cpp */,
				AC921F012BF45CD200ABC17B /* Menu.hpp */,
				AC6EF07B2BF0F3DC007039C6 /* books.txt */,
				AC6EF0942BF19B1E007039C6 /* cds.txt */,
				AC921EFF2BF459C200ABC17B /* students.txt */,
			);
			path = LibManSys;
			sourceTree = "<group>";
		};
/* End PBXGroup section */

/* Begin PBXNativeTarget section */
		AC6EF0622BF0D4BB007039C6 /* LibManSys */ = {
			isa = PBXNativeTarget;
			buildConfigurationList = AC6EF06A2BF0D4BB007039C6 /* Build configuration list for PBXNativeTarget "LibManSys" */;
			buildPhases = (
				AC6EF05F2BF0D4BB007039C6 /* Sources */,
				AC6EF0602BF0D4BB007039C6 /* Frameworks */,
				AC6EF0612BF0D4BB007039C6 /* CopyFiles */,
				AC6EF07C2BF0F596007039C6 /* CopyFiles */,
			);
			buildRules = (
			);
			dependencies = (
			);
			name = LibManSys;
			productName = LibManSys;
			productReference = AC6EF0632BF0D4BB007039C6 /* LibManSys */;
			productType = "com.apple.product-type.tool";
		};
/* End PBXNativeTarget section */

/* Begin PBXProject section */
		AC6EF05B2BF0D4BB007039C6 /* Project object */ = {
			isa = PBXProject;
			attributes = {
				BuildIndependentTargetsInParallel = 1;
				LastUpgradeCheck = 1520;
				TargetAttributes = {
					AC6EF0622BF0D4BB007039C6 = {
						CreatedOnToolsVersion = 15.2;
					};
				};
			};
			buildConfigurationList = AC6EF05E2BF0D4BB007039C6 /* Build configuration list for PBXProject "LibManSys" */;
			compatibilityVersion = "Xcode 14.0";
			developmentRegion = en;
			hasScannedForEncodings = 0;
			knownRegions = (
				en,
				Base,
			);
			mainGroup = AC6EF05A2BF0D4BB007039C6;
			productRefGroup = AC6EF0642BF0D4BB007039C6 /* Products */;
			projectDirPath = "";
			projectRoot = "";
			targets = (
				AC6EF0622BF0D4BB007039C6 /* LibManSys */,
			);
		};
/* End PBXProject section */

/* Begin PBXSourcesBuildPhase section */
		AC6EF05F2BF0D4BB007039C6 /* Sources */ = {
			isa = PBXSourcesBuildPhase;
			buildActionMask = 2147483647;
			files = (
				AC921F022BF45CD200ABC17B /* Menu.cpp in Sources */,
				AC6EF0902BF15D3C007039C6 /* Student.cpp in Sources */,
				AC6EF07A2BF0F2CA007039C6 /* Library.cpp in Sources */,
				AC6EF0722BF0DFA9007039C6 /* Book.cpp in Sources */,
				AC6EF08D2BF15BD7007039C6 /* Admin.cpp in Sources */,
				AC6EF0672BF0D4BB007039C6 /* main.cpp in Sources */,
				AC6EF08A2BF1517E007039C6 /* User.cpp in Sources */,
				AC6EF0782BF0F033007039C6 /* LibItem.cpp in Sources */,
				AC6EF0752BF0DFB4007039C6 /* CD.cpp in Sources */,
			);
			runOnlyForDeploymentPostprocessing = 0;
		};
/* End PBXSourcesBuildPhase section */

/* Begin XCBuildConfiguration section */
		AC6EF0682BF0D4BB007039C6 /* Debug */ = {
			isa = XCBuildConfiguration;
			buildSettings = {
				ALWAYS_SEARCH_USER_PATHS = NO;
				ASSETCATALOG_COMPILER_GENERATE_SWIFT_ASSET_SYMBOL_EXTENSIONS = YES;
				CLANG_ANALYZER_NONNULL = YES;
				CLANG_ANALYZER_NUMBER_OBJECT_CONVERSION = YES_AGGRESSIVE;
				CLANG_CXX_LANGUAGE_STANDARD = "gnu++20";
				CLANG_ENABLE_MODULES = YES;
				CLANG_ENABLE_OBJC_ARC = YES;
				CLANG_ENABLE_OBJC_WEAK = YES;
				CLANG_WARN_BLOCK_CAPTURE_AUTORELEASING = YES;
				CLANG_WARN_BOOL_CONVERSION = YES;
				CLANG_WARN_COMMA = YES;
				CLANG_WARN_CONSTANT_CONVERSION = YES;
				CLANG_WARN_DEPRECATED_OBJC_IMPLEMENTATIONS = YES;
				CLANG_WARN_DIRECT_OBJC_ISA_USAGE = YES_ERROR;
				CLANG_WARN_DOCUMENTATION_COMMENTS = YES;
				CLANG_WARN_EMPTY_BODY = YES;
				CLANG_WARN_ENUM_CONVERSION = YES;
				CLANG_WARN_INFINITE_RECURSION = YES;
				CLANG_WARN_INT_CONVERSION = YES;
				CLANG_WARN_NON_LITERAL_NULL_CONVERSION = YES;
				CLANG_WARN_OBJC_IMPLICIT_RETAIN_SELF = YES;
				CLANG_WARN_OBJC_LITERAL_CONVERSION = YES;
				CLANG_WARN_OBJC_ROOT_CLASS = YES_ERROR;
				CLANG_WARN_QUOTED_INCLUDE_IN_FRAMEWORK_HEADER = YES;
				CLANG_WARN_RANGE_LOOP_ANALYSIS = YES;
				CLANG_WARN_STRICT_PROTOTYPES = YES;
				CLANG_WARN_SUSPICIOUS_MOVE = YES;
				CLANG_WARN_UNGUARDED_AVAILABILITY = YES_AGGRESSIVE;
				CLANG_WARN_UNREACHABLE_CODE = YES;
				CLANG_WARN__DUPLICATE_METHOD_MATCH = YES;
				COPY_PHASE_STRIP = NO;
				DEBUG_INFORMATION_FORMAT = dwarf;
				ENABLE_STRICT_OBJC_MSGSEND = YES;
				ENABLE_TESTABILITY = YES;
				ENABLE_USER_SCRIPT_SANDBOXING = YES;
				GCC_C_LANGUAGE_STANDARD = gnu17;
				GCC_DYNAMIC_NO_PIC = NO;
				GCC_NO_COMMON_BLOCKS = YES;
				GCC_OPTIMIZATION_LEVEL = 0;
				GCC_PREPROCESSOR_DEFINITIONS = (
					"DEBUG=1",
					"$(inherited)",
				);
				GCC_WARN_64_TO_32_BIT_CONVERSION = YES;
				GCC_WARN_ABOUT_RETURN_TYPE = YES_ERROR;
				GCC_WARN_UNDECLARED_SELECTOR = YES;
				GCC_WARN_UNINITIALIZED_AUTOS = YES_AGGRESSIVE;
				GCC_WARN_UNUSED_FUNCTION = YES;
				GCC_WARN_UNUSED_VARIABLE = YES;
				LOCALIZATION_PREFERS_STRING_CATALOGS = YES;
				MACOSX_DEPLOYMENT_TARGET = 14.1;
				MTL_ENABLE_DEBUG_INFO = INCLUDE_SOURCE;
				MTL_FAST_MATH = YES;
				ONLY_ACTIVE_ARCH = YES;
				SDKROOT = macosx;
			};
			name = Debug;
		};
		AC6EF0692BF0D4BB007039C6 /* Release */ = {
			isa = XCBuildConfiguration;
			buildSettings = {
				ALWAYS_SEARCH_USER_PATHS = NO;
				ASSETCATALOG_COMPILER_GENERATE_SWIFT_ASSET_SYMBOL_EXTENSIONS = YES;
				CLANG_ANALYZER_NONNULL = YES;
				CLANG_ANALYZER_NUMBER_OBJECT_CONVERSION = YES_AGGRESSIVE;
				CLANG_CXX_LANGUAGE_STANDARD = "gnu++20";
				CLANG_ENABLE_MODULES = YES;
				CLANG_ENABLE_OBJC_ARC = YES;
				CLANG_ENABLE_OBJC_WEAK = YES;
				CLANG_WARN_BLOCK_CAPTURE_AUTORELEASING = YES;
				CLANG_WARN_BOOL_CONVERSION = YES;
				CLANG_WARN_COMMA = YES;
				CLANG_WARN_CONSTANT_CONVERSION = YES;
				CLANG_WARN_DEPRECATED_OBJC_IMPLEMENTATIONS = YES;
				CLANG_WARN_DIRECT_OBJC_ISA_USAGE = YES_ERROR;
				CLANG_WARN_DOCUMENTATION_COMMENTS = YES;
				CLANG_WARN_EMPTY_BODY = YES;
				CLANG_WARN_ENUM_CONVERSION = YES;
				CLANG_WARN_INFINITE_RECURSION = YES;
				CLANG_WARN_INT_CONVERSION = YES;
				CLANG_WARN_NON_LITERAL_NULL_CONVERSION = YES;
				CLANG_WARN_OBJC_IMPLICIT_RETAIN_SELF = YES;
				CLANG_WARN_OBJC_LITERAL_CONVERSION = YES;
				CLANG_WARN_OBJC_ROOT_CLASS = YES_ERROR;
				CLANG_WARN_QUOTED_INCLUDE_IN_FRAMEWORK_HEADER = YES;
				CLANG_WARN_RANGE_LOOP_ANALYSIS = YES;
				CLANG_WARN_STRICT_PROTOTYPES = YES;
				CLANG_WARN_SUSPICIOUS_MOVE = YES;
				CLANG_WARN_UNGUARDED_AVAILABILITY = YES_AGGRESSIVE;
				CLANG_WARN_UNREACHABLE_CODE = YES;
				CLANG_WARN__DUPLICATE_METHOD_MATCH = YES;
				COPY_PHASE_STRIP = NO;
				DEBUG_INFORMATION_FORMAT = "dwarf-with-dsym";
				ENABLE_NS_ASSERTIONS = NO;
				ENABLE_STRICT_OBJC_MSGSEND = YES;
				ENABLE_USER_SCRIPT_SANDBOXING = YES;
				GCC_C_LANGUAGE_STANDARD = gnu17;
				GCC_NO_COMMON_BLOCKS = YES;
				GCC_WARN_64_TO_32_BIT_CONVERSION = YES;
				GCC_WARN_ABOUT_RETURN_TYPE = YES_ERROR;
				GCC_WARN_UNDECLARED_SELECTOR = YES;
				GCC_WARN_UNINITIALIZED_AUTOS = YES_AGGRESSIVE;
				GCC_WARN_UNUSED_FUNCTION = YES;
				GCC_WARN_UNUSED_VARIABLE = YES;
				LOCALIZATION_PREFERS_STRING_CATALOGS = YES;
				MACOSX_DEPLOYMENT_TARGET = 14.1;
				MTL_ENABLE_DEBUG_INFO = NO;
				MTL_FAST_MATH = YES;
				SDKROOT = macosx;
			};
			name = Release;
		};
		AC6EF06B2BF0D4BB007039C6 /* Debug */ = {
			isa = XCBuildConfiguration;
			buildSettings = {
				CODE_SIGN_STYLE = Automatic;
				PRODUCT_NAME = "$(TARGET_NAME)";
			};
			name = Debug;
		};
		AC6EF06C2BF0D4BB007039C6 /* Release */ = {
			isa = XCBuildConfiguration;
			buildSettings = {
				CODE_SIGN_STYLE = Automatic;
				PRODUCT_NAME = "$(TARGET_NAME)";
			};
			name = Release;
		};
/* End XCBuildConfiguration section */

/* Begin XCConfigurationList section */
		AC6EF05E2BF0D4BB007039C6 /* Build configuration list for PBXProject "LibManSys" */ = {
			isa = XCConfigurationList;
			buildConfigurations = (
				AC6EF0682BF0D4BB007039C6 /* Debug */,
				AC6EF0692BF0D4BB007039C6 /* Release */,
			);
			defaultConfigurationIsVisible = 0;
			defaultConfigurationName = Release;
		};
		AC6EF06A2BF0D4BB007039C6 /* Build configuration list for PBXNativeTarget "LibManSys" */ = {
			isa = XCConfigurationList;
			buildConfigurations = (
				AC6EF06B2BF0D4BB007039C6 /* Debug */,
				AC6EF06C2BF0D4BB007039C6 /* Release */,
			);
			defaultConfigurationIsVisible = 0;
			defaultConfigurationName = Release;
		};
/* End XCConfigurationList section */
	};
	rootObject = AC6EF05B2BF0D4BB007039C6 /* Project object */;
}
